
Microsoft Visual Studio Solution File, Format Version 12.00
# Visual Studio Version 17
VisualStudioVersion = 17.11.35312.102
MinimumVisualStudioVersion = 10.0.40219.1
Project("{FAE04EC0-301F-11D3-BF4B-00C04F79EFBC}") = "Basic_Mvc_Projesi", "Basic_Mvc_Projesi\Basic_Mvc_Projesi.csproj", "{B1443B1D-5B2C-4AC9-9410-1935E46B896B}"
EndProject
Global
	GlobalSection(SolutionConfigurationPlatforms) = preSolution
		Debug|Any CPU = Debug|Any CPU
		Release|Any CPU = Release|Any CPU
	EndGlobalSection
	GlobalSection(ProjectConfigurationPlatforms) = postSolution
		{B1443B1D-5B2C-4AC9-9410-1935E46B896B}.Debug|Any CPU.ActiveCfg = Debug|Any CPU
		{B1443B1D-5B2C-4AC9-9410-1935E46B896B}.Debug|Any CPU.Build.0 = Debug|Any CPU
		{B1443B1D-5B2C-4AC9-9410-1935E46B896B}.Release|Any CPU.ActiveCfg = Release|Any CPU
		{B1443B1D-5B2C-4AC9-9410-1935E46B896B}.Release|Any CPU.Build.0 = Release|Any CPU
	EndGlobalSection
	GlobalSection(SolutionProperties) = preSolution
		HideSolutionNode = FALSE
	EndGlobalSection
	GlobalSection(ExtensibilityGlobals) = postSolution
		SolutionGuid = {818FEEEE-6255-4787-8157-178B616F9DF7}
	EndGlobalSection
EndGlobal
